
Microsoft Visual Studio Solution File, Format Version 12.00
# Visual Studio Version 17
VisualStudioVersion = 17.6.33815.320
MinimumVisualStudioVersion = 10.0.40219.1
Project("{FAE04EC0-301F-11D3-BF4B-00C04F79EFBC}") = "HangmanApp", "HangmanApp\HangmanApp.csproj", "{C3151715-B644-420B-B0D8-E12F9CA0D499}"
EndProject
Global
	GlobalSection(SolutionConfigurationPlatforms) = preSolution
		Debug|Any CPU = Debug|Any CPU
		Release|Any CPU = Release|Any CPU
	EndGlobalSection
	GlobalSection(ProjectConfigurationPlatforms) = postSolution
		{C3151715-B644-420B-B0D8-E12F9CA0D499}.Debug|Any CPU.ActiveCfg = Debug|Any CPU
		{C3151715-B644-420B-B0D8-E12F9CA0D499}.Debug|Any CPU.Build.0 = Debug|Any CPU
		{C3151715-B644-420B-B0D8-E12F9CA0D499}.Release|Any CPU.ActiveCfg = Release|Any CPU
		{C3151715-B644-420B-B0D8-E12F9CA0D499}.Release|Any CPU.Build.0 = Release|Any CPU
	EndGlobalSection
	GlobalSection(SolutionProperties) = preSolution
		HideSolutionNode = FALSE
	EndGlobalSection
	GlobalSection(ExtensibilityGlobals) = postSolution
		SolutionGuid = {63A8E956-4020-4F03-A8FE-44E8B695EBE1}
	EndGlobalSection
EndGlobal
